// !$*UTF8*$!
{
	archiveVersion = 1;
	classes = {
	};
	objectVersion = 46;
	objects = {

/* Begin PBXBuildFile section */
		8386DEBF1A2A504100AEC39F /* FilterViewController.swift in Sources */ = {isa = PBXBuildFile; fileRef = 8386DEBE1A2A504100AEC39F /* FilterViewController.swift */; };
		839449CA1A293B61002F09FD /* FeedItem.swift in Sources */ = {isa = PBXBuildFile; fileRef = 839449C91A293B61002F09FD /* FeedItem.swift */; };
		83CEAF1B1A27DCFD00785281 /* AppDelegate.swift in Sources */ = {isa = PBXBuildFile; fileRef = 83CEAF1A1A27DCFD00785281 /* AppDelegate.swift */; };
		83CEAF1E1A27DCFD00785281 /* ExchangeAGram.xcdatamodeld in Sources */ = {isa = PBXBuildFile; fileRef = 83CEAF1C1A27DCFD00785281 /* ExchangeAGram.xcdatamodeld */; };
		83CEAF231A27DCFD00785281 /* Main.storyboard in Resources */ = {isa = PBXBuildFile; fileRef = 83CEAF211A27DCFD00785281 /* Main.storyboard */; };
		83CEAF251A27DCFD00785281 /* Images.xcassets in Resources */ = {isa = PBXBuildFile; fileRef = 83CEAF241A27DCFD00785281 /* Images.xcassets */; };
		83CEAF281A27DCFD00785281 /* LaunchScreen.xib in Resources */ = {isa = PBXBuildFile; fileRef = 83CEAF261A27DCFD00785281 /* LaunchScreen.xib */; };
		83CEAF341A27DCFD00785281 /* ExchangeAGramTests.swift in Sources */ = {isa = PBXBuildFile; fileRef = 83CEAF331A27DCFD00785281 /* ExchangeAGramTests.swift */; };
		83CEAF3E1A27E1BB00785281 /* FeedViewController.swift in Sources */ = {isa = PBXBuildFile; fileRef = 83CEAF3D1A27E1BB00785281 /* FeedViewController.swift */; };
		83CEAF401A27E56E00785281 /* FeedCell.swift in Sources */ = {isa = PBXBuildFile; fileRef = 83CEAF3F1A27E56E00785281 /* FeedCell.swift */; };
/* End PBXBuildFile section */

/* Begin PBXContainerItemProxy section */
		83CEAF2E1A27DCFD00785281 /* PBXContainerItemProxy */ = {
			isa = PBXContainerItemProxy;
			containerPortal = 83CEAF0D1A27DCFD00785281 /* Project object */;
			proxyType = 1;
			remoteGlobalIDString = 83CEAF141A27DCFD00785281;
			remoteInfo = ExchangeAGram;
		};
/* End PBXContainerItemProxy section */

/* Begin PBXFileReference section */
		8386DEBE1A2A504100AEC39F /* FilterViewController.swift */ = {isa = PBXFileReference; fileEncoding = 4; lastKnownFileType = sourcecode.swift; path = FilterViewController.swift; sourceTree = "<group>"; };
		839449C91A293B61002F09FD /* FeedItem.swift */ = {isa = PBXFileReference; fileEncoding = 4; lastKnownFileType = sourcecode.swift; path = FeedItem.swift; sourceTree = "<group>"; };
		83CEAF151A27DCFD00785281 /* ExchangeAGram.app */ = {isa = PBXFileReference; explicitFileType = wrapper.application; includeInIndex = 0; path = ExchangeAGram.app; sourceTree = BUILT_PRODUCTS_DIR; };
		83CEAF191A27DCFD00785281 /* Info.plist */ = {isa = PBXFileReference; lastKnownFileType = text.plist.xml; path = Info.plist; sourceTree = "<group>"; };
		83CEAF1A1A27DCFD00785281 /* AppDelegate.swift */ = {isa = PBXFileReference; lastKnownFileType = sourcecode.swift; path = AppDelegate.swift; sourceTree = "<group>"; };
		83CEAF1D1A27DCFD00785281 /* ExchangeAGram.xcdatamodel */ = {isa = PBXFileReference; lastKnownFileType = wrapper.xcdatamodel; path = ExchangeAGram.xcdatamodel; sourceTree = "<group>"; };
		83CEAF221A27DCFD00785281 /* Base */ = {isa = PBXFileReference; lastKnownFileType = file.storyboard; name = Base; path = Base.lproj/Main.storyboard; sourceTree = "<group>"; };
		83CEAF241A27DCFD00785281 /* Images.xcassets */ = {isa = PBXFileReference; lastKnownFileType = folder.assetcatalog; path = Images.xcassets; sourceTree = "<group>"; };
		83CEAF271A27DCFD00785281 /* Base */ = {isa = PBXFileReference; lastKnownFileType = file.xib; name = Base; path = Base.lproj/LaunchScreen.xib; sourceTree = "<group>"; };
		83CEAF2D1A27DCFD00785281 /* ExchangeAGramTests.xctest */ = {isa = PBXFileReference; explicitFileType = wrapper.cfbundle; includeInIndex = 0; path = ExchangeAGramTests.xctest; sourceTree = BUILT_PRODUCTS_DIR; };
		83CEAF321A27DCFD00785281 /* Info.plist */ = {isa = PBXFileReference; lastKnownFileType = text.plist.xml; path = Info.plist; sourceTree = "<group>"; };
		83CEAF331A27DCFD00785281 /* ExchangeAGramTests.swift */ = {isa = PBXFileReference; lastKnownFileType = sourcecode.swift; path = ExchangeAGramTests.swift; sourceTree = "<group>"; };
		83CEAF3D1A27E1BB00785281 /* FeedViewController.swift */ = {isa = PBXFileReference; fileEncoding = 4; lastKnownFileType = sourcecode.swift; name = FeedViewController.swift; path = ../FeedViewController.swift; sourceTree = "<group>"; };
		83CEAF3F1A27E56E00785281 /* FeedCell.swift */ = {isa = PBXFileReference; fileEncoding = 4; lastKnownFileType = sourcecode.swift; path = FeedCell.swift; sourceTree = "<group>"; };
/* End PBXFileReference section */

/* Begin PBXFrameworksBuildPhase section */
		83CEAF121A27DCFD00785281 /* Frameworks */ = {
			isa = PBXFrameworksBuildPhase;
			buildActionMask = 2147483647;
			files = (
			);
			runOnlyForDeploymentPostprocessing = 0;
		};
		83CEAF2A1A27DCFD00785281 /* Frameworks */ = {
			isa = PBXFrameworksBuildPhase;
			buildActionMask = 2147483647;
			files = (
			);
			runOnlyForDeploymentPostprocessing = 0;
		};
/* End PBXFrameworksBuildPhase section */

/* Begin PBXGroup section */
		83CEAF0C1A27DCFD00785281 = {
			isa = PBXGroup;
			children = (
				83CEAF171A27DCFD00785281 /* ExchangeAGram */,
				83CEAF301A27DCFD00785281 /* ExchangeAGramTests */,
				83CEAF161A27DCFD00785281 /* Products */,
			);
			sourceTree = "<group>";
		};
		83CEAF161A27DCFD00785281 /* Products */ = {
			isa = PBXGroup;
			children = (
				83CEAF151A27DCFD00785281 /* ExchangeAGram.app */,
				83CEAF2D1A27DCFD00785281 /* ExchangeAGramTests.xctest */,
			);
			name = Products;
			sourceTree = "<group>";
		};
		83CEAF171A27DCFD00785281 /* ExchangeAGram */ = {
			isa = PBXGroup;
			children = (
				83CEAF1A1A27DCFD00785281 /* AppDelegate.swift */,
				83CEAF3F1A27E56E00785281 /* FeedCell.swift */,
				83CEAF3D1A27E1BB00785281 /* FeedViewController.swift */,
				83CEAF211A27DCFD00785281 /* Main.storyboard */,
				8386DEBE1A2A504100AEC39F /* FilterViewController.swift */,
				83CEAF241A27DCFD00785281 /* Images.xcassets */,
				83CEAF261A27DCFD00785281 /* LaunchScreen.xib */,
				83CEAF1C1A27DCFD00785281 /* ExchangeAGram.xcdatamodeld */,
				839449C91A293B61002F09FD /* FeedItem.swift */,
				83CEAF181A27DCFD00785281 /* Supporting Files */,
			);
			path = ExchangeAGram;
			sourceTree = "<group>";
		};
		83CEAF181A27DCFD00785281 /* Supporting Files */ = {
			isa = PBXGroup;
			children = (
				83CEAF191A27DCFD00785281 /* Info.plist */,
			);
			name = "Supporting Files";
			sourceTree = "<group>";
		};
		83CEAF301A27DCFD00785281 /* ExchangeAGramTests */ = {
			isa = PBXGroup;
			children = (
				83CEAF331A27DCFD00785281 /* ExchangeAGramTests.swift */,
				83CEAF311A27DCFD00785281 /* Supporting Files */,
			);
			path = ExchangeAGramTests;
			sourceTree = "<group>";
		};
		83CEAF311A27DCFD00785281 /* Supporting Files */ = {
			isa = PBXGroup;
			children = (
				83CEAF321A27DCFD00785281 /* Info.plist */,
			);
			name = "Supporting Files";
			sourceTree = "<group>";
		};
/* End PBXGroup section */

/* Begin PBXNativeTarget section */
		83CEAF141A27DCFD00785281 /* ExchangeAGram */ = {
			isa = PBXNativeTarget;
			buildConfigurationList = 83CEAF371A27DCFD00785281 /* Build configuration list for PBXNativeTarget "ExchangeAGram" */;
			buildPhases = (
				83CEAF111A27DCFD00785281 /* Sources */,
				83CEAF121A27DCFD00785281 /* Frameworks */,
				83CEAF131A27DCFD00785281 /* Resources */,
			);
			buildRules = (
			);
			dependencies = (
			);
			name = ExchangeAGram;
			productName = ExchangeAGram;
			productReference = 83CEAF151A27DCFD00785281 /* ExchangeAGram.app */;
			productType = "com.apple.product-type.application";
		};
		83CEAF2C1A27DCFD00785281 /* ExchangeAGramTests */ = {
			isa = PBXNativeTarget;
			buildConfigurationList = 83CEAF3A1A27DCFD00785281 /* Build configuration list for PBXNativeTarget "ExchangeAGramTests" */;
			buildPhases = (
				83CEAF291A27DCFD00785281 /* Sources */,
				83CEAF2A1A27DCFD00785281 /* Frameworks */,
				83CEAF2B1A27DCFD00785281 /* Resources */,
			);
			buildRules = (
			);
			dependencies = (
				83CEAF2F1A27DCFD00785281 /* PBXTargetDependency */,
			);
			name = ExchangeAGramTests;
			productName = ExchangeAGramTests;
			productReference = 83CEAF2D1A27DCFD00785281 /* ExchangeAGramTests.xctest */;
			productType = "com.apple.product-type.bundle.unit-test";
		};
/* End PBXNativeTarget section */

/* Begin PBXProject section */
		83CEAF0D1A27DCFD00785281 /* Project object */ = {
			isa = PBXProject;
			attributes = {
				LastUpgradeCheck = 0610;
				ORGANIZATIONNAME = "Christian Romeyke";
				TargetAttributes = {
					83CEAF141A27DCFD00785281 = {
						CreatedOnToolsVersion = 6.1.1;
					};
					83CEAF2C1A27DCFD00785281 = {
						CreatedOnToolsVersion = 6.1.1;
						TestTargetID = 83CEAF141A27DCFD00785281;
					};
				};
			};
			buildConfigurationList = 83CEAF101A27DCFD00785281 /* Build configuration list for PBXProject "ExchangeAGram" */;
			compatibilityVersion = "Xcode 3.2";
			developmentRegion = English;
			hasScannedForEncodings = 0;
			knownRegions = (
				en,
				Base,
			);
			mainGroup = 83CEAF0C1A27DCFD00785281;
			productRefGroup = 83CEAF161A27DCFD00785281 /* Products */;
			projectDirPath = "";
			projectRoot = "";
			targets = (
				83CEAF141A27DCFD00785281 /* ExchangeAGram */,
				83CEAF2C1A27DCFD00785281 /* ExchangeAGramTests */,
			);
		};
/* End PBXProject section */

/* Begin PBXResourcesBuildPhase section */
		83CEAF131A27DCFD00785281 /* Resources */ = {
			isa = PBXResourcesBuildPhase;
			buildActionMask = 2147483647;
			files = (
				83CEAF231A27DCFD00785281 /* Main.storyboard in Resources */,
				83CEAF281A27DCFD00785281 /* LaunchScreen.xib in Resources */,
				83CEAF251A27DCFD00785281 /* Images.xcassets in Resources */,
			);
			runOnlyForDeploymentPostprocessing = 0;
		};
		83CEAF2B1A27DCFD00785281 /* Resources */ = {
			isa = PBXResourcesBuildPhase;
			buildActionMask = 2147483647;
			files = (
			);
			runOnlyForDeploymentPostprocessing = 0;
		};
/* End PBXResourcesBuildPhase section */

/* Begin PBXSourcesBuildPhase section */
		83CEAF111A27DCFD00785281 /* Sources */ = {
			isa = PBXSourcesBuildPhase;
			buildActionMask = 2147483647;
			files = (
				8386DEBF1A2A504100AEC39F /* FilterViewController.swift in Sources */,
				83CEAF1B1A27DCFD00785281 /* AppDelegate.swift in Sources */,
				83CEAF401A27E56E00785281 /* FeedCell.swift in Sources */,
				83CEAF3E1A27E1BB00785281 /* FeedViewController.swift in Sources */,
				839449CA1A293B61002F09FD /* FeedItem.swift in Sources */,
				83CEAF1E1A27DCFD00785281 /* ExchangeAGram.xcdatamodeld in Sources */,
			);
			runOnlyForDeploymentPostprocessing = 0;
		};
		83CEAF291A27DCFD00785281 /* Sources */ = {
			isa = PBXSourcesBuildPhase;
			buildActionMask = 2147483647;
			files = (
				83CEAF341A27DCFD00785281 /* ExchangeAGramTests.swift in Sources */,
			);
			runOnlyForDeploymentPostprocessing = 0;
		};
/* End PBXSourcesBuildPhase section */

/* Begin PBXTargetDependency section */
		83CEAF2F1A27DCFD00785281 /* PBXTargetDependency */ = {
			isa = PBXTargetDependency;
			target = 83CEAF141A27DCFD00785281 /* ExchangeAGram */;
			targetProxy = 83CEAF2E1A27DCFD00785281 /* PBXContainerItemProxy */;
		};
/* End PBXTargetDependency section */

/* Begin PBXVariantGroup section */
		83CEAF211A27DCFD00785281 /* Main.storyboard */ = {
			isa = PBXVariantGroup;
			children = (
				83CEAF221A27DCFD00785281 /* Base */,
			);
			name = Main.storyboard;
			sourceTree = "<group>";
		};
		83CEAF261A27DCFD00785281 /* LaunchScreen.xib */ = {
			isa = PBXVariantGroup;
			children = (
				83CEAF271A27DCFD00785281 /* Base */,
			);
			name = LaunchScreen.xib;
			sourceTree = "<group>";
		};
/* End PBXVariantGroup section */

/* Begin XCBuildConfiguration section */
		83CEAF351A27DCFD00785281 /* Debug */ = {
			isa = XCBuildConfiguration;
			buildSettings = {
				ALWAYS_SEARCH_USER_PATHS = NO;
				CLANG_CXX_LANGUAGE_STANDARD = "gnu++0x";
				CLANG_CXX_LIBRARY = "libc++";
				CLANG_ENABLE_MODULES = YES;
				CLANG_ENABLE_OBJC_ARC = YES;
				CLANG_WARN_BOOL_CONVERSION = YES;
				CLANG_WARN_CONSTANT_CONVERSION = YES;
				CLANG_WARN_DIRECT_OBJC_ISA_USAGE = YES_ERROR;
				CLANG_WARN_EMPTY_BODY = YES;
				CLANG_WARN_ENUM_CONVERSION = YES;
				CLANG_WARN_INT_CONVERSION = YES;
				CLANG_WARN_OBJC_ROOT_CLASS = YES_ERROR;
				CLANG_WARN_UNREACHABLE_CODE = YES;
				CLANG_WARN__DUPLICATE_METHOD_MATCH = YES;
				"CODE_SIGN_IDENTITY[sdk=iphoneos*]" = "iPhone Developer";
				COPY_PHASE_STRIP = NO;
				ENABLE_STRICT_OBJC_MSGSEND = YES;
				GCC_C_LANGUAGE_STANDARD = gnu99;
				GCC_DYNAMIC_NO_PIC = NO;
				GCC_OPTIMIZATION_LEVEL = 0;
				GCC_PREPROCESSOR_DEFINITIONS = (
					"DEBUG=1",
					"$(inherited)",
				);
				GCC_SYMBOLS_PRIVATE_EXTERN = NO;
				GCC_WARN_64_TO_32_BIT_CONVERSION = YES;
				GCC_WARN_ABOUT_RETURN_TYPE = YES_ERROR;
				GCC_WARN_UNDECLARED_SELECTOR = YES;
				GCC_WARN_UNINITIALIZED_AUTOS = YES_AGGRESSIVE;
				GCC_WARN_UNUSED_FUNCTION = YES;
				GCC_WARN_UNUSED_VARIABLE = YES;
				IPHONEOS_DEPLOYMENT_TARGET = 8.1;
				MTL_ENABLE_DEBUG_INFO = YES;
				ONLY_ACTIVE_ARCH = YES;
				SDKROOT = iphoneos;
				SWIFT_OPTIMIZATION_LEVEL = "-Onone";
				TARGETED_DEVICE_FAMILY = "1,2";
			};
			name = Debug;
		};
		83CEAF361A27DCFD00785281 /* Release */ = {
			isa = XCBuildConfiguration;
			buildSettings = {
				ALWAYS_SEARCH_USER_PATHS = NO;
				CLANG_CXX_LANGUAGE_STANDARD = "gnu++0x";
				CLANG_CXX_LIBRARY = "libc++";
				CLANG_ENABLE_MODULES = YES;
				CLANG_ENABLE_OBJC_ARC = YES;
				CLANG_WARN_BOOL_CONVERSION = YES;
				CLANG_WARN_CONSTANT_CONVERSION = YES;
				CLANG_WARN_DIRECT_OBJC_ISA_USAGE = YES_ERROR;
				CLANG_WARN_EMPTY_BODY = YES;
				CLANG_WARN_ENUM_CONVERSION = YES;
				CLANG_WARN_INT_CONVERSION = YES;
				CLANG_WARN_OBJC_ROOT_CLASS = YES_ERROR;
				CLANG_WARN_UNREACHABLE_CODE = YES;
				CLANG_WARN__DUPLICATE_METHOD_MATCH = YES;
				"CODE_SIGN_IDENTITY[sdk=iphoneos*]" = "iPhone Developer";
				COPY_PHASE_STRIP = YES;
				ENABLE_NS_ASSERTIONS = NO;
				ENABLE_STRICT_OBJC_MSGSEND = YES;
				GCC_C_LANGUAGE_STANDARD = gnu99;
				GCC_WARN_64_TO_32_BIT_CONVERSION = YES;
				GCC_WARN_ABOUT_RETURN_TYPE = YES_ERROR;
				GCC_WARN_UNDECLARED_SELECTOR = YES;
				GCC_WARN_UNINITIALIZED_AUTOS = YES_AGGRESSIVE;
				GCC_WARN_UNUSED_FUNCTION = YES;
				GCC_WARN_UNUSED_VARIABLE = YES;
				IPHONEOS_DEPLOYMENT_TARGET = 8.1;
				MTL_ENABLE_DEBUG_INFO = NO;
				SDKROOT = iphoneos;
				TARGETED_DEVICE_FAMILY = "1,2";
				VALIDATE_PRODUCT = YES;
			};
			name = Release;
		};
		83CEAF381A27DCFD00785281 /* Debug */ = {
			isa = XCBuildConfiguration;
			buildSettings = {
				ASSETCATALOG_COMPILER_APPICON_NAME = AppIcon;
				INFOPLIST_FILE = ExchangeAGram/Info.plist;
				LD_RUNPATH_SEARCH_PATHS = "$(inherited) @executable_path/Frameworks";
				PRODUCT_NAME = "$(TARGET_NAME)";
			};
			name = Debug;
		};
		83CEAF391A27DCFD00785281 /* Release */ = {
			isa = XCBuildConfiguration;
			buildSettings = {
				ASSETCATALOG_COMPILER_APPICON_NAME = AppIcon;
				INFOPLIST_FILE = ExchangeAGram/Info.plist;
				LD_RUNPATH_SEARCH_PATHS = "$(inherited) @executable_path/Frameworks";
				PRODUCT_NAME = "$(TARGET_NAME)";
			};
			name = Release;
		};
		83CEAF3B1A27DCFD00785281 /* Debug */ = {
			isa = XCBuildConfiguration;
			buildSettings = {
				BUNDLE_LOADER = "$(TEST_HOST)";
				FRAMEWORK_SEARCH_PATHS = (
					"$(SDKROOT)/Developer/Library/Frameworks",
					"$(inherited)",
				);
				GCC_PREPROCESSOR_DEFINITIONS = (
					"DEBUG=1",
					"$(inherited)",
				);
				INFOPLIST_FILE = ExchangeAGramTests/Info.plist;
				LD_RUNPATH_SEARCH_PATHS = "$(inherited) @executable_path/Frameworks @loader_path/Frameworks";
				PRODUCT_NAME = "$(TARGET_NAME)";
				TEST_HOST = "$(BUILT_PRODUCTS_DIR)/ExchangeAGram.app/ExchangeAGram";
			};
			name = Debug;
		};
		83CEAF3C1A27DCFD00785281 /* Release */ = {
			isa = XCBuildConfiguration;
			buildSettings = {
				BUNDLE_LOADER = "$(TEST_HOST)";
				FRAMEWORK_SEARCH_PATHS = (
					"$(SDKROOT)/Developer/Library/Frameworks",
					"$(inherited)",
				);
				INFOPLIST_FILE = ExchangeAGramTests/Info.plist;
				LD_RUNPATH_SEARCH_PATHS = "$(inherited) @executable_path/Frameworks @loader_path/Frameworks";
				PRODUCT_NAME = "$(TARGET_NAME)";
				TEST_HOST = "$(BUILT_PRODUCTS_DIR)/ExchangeAGram.app/ExchangeAGram";
			};
			name = Release;
		};
/* End XCBuildConfiguration section */

/* Begin XCConfigurationList section */
		83CEAF101A27DCFD00785281 /* Build configuration list for PBXProject "ExchangeAGram" */ = {
			isa = XCConfigurationList;
			buildConfigurations = (
				83CEAF351A27DCFD00785281 /* Debug */,
				83CEAF361A27DCFD00785281 /* Release */,
			);
			defaultConfigurationIsVisible = 0;
			defaultConfigurationName = Release;
		};
		83CEAF371A27DCFD00785281 /* Build configuration list for PBXNativeTarget "ExchangeAGram" */ = {
			isa = XCConfigurationList;
			buildConfigurations = (
				83CEAF381A27DCFD00785281 /* Debug */,
				83CEAF391A27DCFD00785281 /* Release */,
			);
			defaultConfigurationIsVisible = 0;
			defaultConfigurationName = Release;
		};
		83CEAF3A1A27DCFD00785281 /* Build configuration list for PBXNativeTarget "ExchangeAGramTests" */ = {
			isa = XCConfigurationList;
			buildConfigurations = (
				83CEAF3B1A27DCFD00785281 /* Debug */,
				83CEAF3C1A27DCFD00785281 /* Release */,
			);
			defaultConfigurationIsVisible = 0;
			defaultConfigurationName = Release;
		};
/* End XCConfigurationList section */

/* Begin XCVersionGroup section */
		83CEAF1C1A27DCFD00785281 /* ExchangeAGram.xcdatamodeld */ = {
			isa = XCVersionGroup;
			children = (
				83CEAF1D1A27DCFD00785281 /* ExchangeAGram.xcdatamodel */,
			);
			currentVersion = 83CEAF1D1A27DCFD00785281 /* ExchangeAGram.xcdatamodel */;
			path = ExchangeAGram.xcdatamodeld;
			sourceTree = "<group>";
			versionGroupType = wrapper.xcdatamodel;
		};
/* End XCVersionGroup section */
	};
	rootObject = 83CEAF0D1A27DCFD00785281 /* Project object */;
}
